
Microsoft Visual Studio Solution File, Format Version 12.00
# Visual Studio Version 16
VisualStudioVersion = 16.0.31019.35
MinimumVisualStudioVersion = 10.0.40219.1
Project("{FAE04EC0-301F-11D3-BF4B-00C04F79EFBC}") = "WindowsFormsApp3", "WindowsFormsApp3.csproj", "{F87C1ED7-3AF1-436F-8D53-FCA5EE2D65B9}"
EndProject
Global
	GlobalSection(SolutionConfigurationPlatforms) = preSolution
		Debug|Any CPU = Debug|Any CPU
		Release|Any CPU = Release|Any CPU
	EndGlobalSection
	GlobalSection(ProjectConfigurationPlatforms) = postSolution
		{F87C1ED7-3AF1-436F-8D53-FCA5EE2D65B9}.Debug|Any CPU.ActiveCfg = Debug|Any CPU
		{F87C1ED7-3AF1-436F-8D53-FCA5EE2D65B9}.Debug|Any CPU.Build.0 = Debug|Any CPU
		{F87C1ED7-3AF1-436F-8D53-FCA5EE2D65B9}.Release|Any CPU.ActiveCfg = Release|Any CPU
		{F87C1ED7-3AF1-436F-8D53-FCA5EE2D65B9}.Release|Any CPU.Build.0 = Release|Any CPU
	EndGlobalSection
	GlobalSection(SolutionProperties) = preSolution
		HideSolutionNode = FALSE
	EndGlobalSection
	GlobalSection(ExtensibilityGlobals) = postSolution
		SolutionGuid = {7C74EDBD-656A-43AB-AB3D-9AA0FED3558C}
	EndGlobalSection
EndGlobal
