
Microsoft Visual Studio Solution File, Format Version 12.00
# Visual Studio Version 16
VisualStudioVersion = 16.0.31129.286
MinimumVisualStudioVersion = 10.0.40219.1
Project("{FAE04EC0-301F-11D3-BF4B-00C04F79EFBC}") = "Practical_Ex_1", "Practical_Ex_1.csproj", "{77E74CFB-598B-4020-ADAE-AA30BA26FC43}"
EndProject
Global
	GlobalSection(SolutionConfigurationPlatforms) = preSolution
		Debug|Any CPU = Debug|Any CPU
		Release|Any CPU = Release|Any CPU
	EndGlobalSection
	GlobalSection(ProjectConfigurationPlatforms) = postSolution
		{77E74CFB-598B-4020-ADAE-AA30BA26FC43}.Debug|Any CPU.ActiveCfg = Debug|Any CPU
		{77E74CFB-598B-4020-ADAE-AA30BA26FC43}.Debug|Any CPU.Build.0 = Debug|Any CPU
		{77E74CFB-598B-4020-ADAE-AA30BA26FC43}.Release|Any CPU.ActiveCfg = Release|Any CPU
		{77E74CFB-598B-4020-ADAE-AA30BA26FC43}.Release|Any CPU.Build.0 = Release|Any CPU
	EndGlobalSection
	GlobalSection(SolutionProperties) = preSolution
		HideSolutionNode = FALSE
	EndGlobalSection
	GlobalSection(ExtensibilityGlobals) = postSolution
		SolutionGuid = {5FDC20BA-E91C-48FB-B629-3CE357C508BB}
	EndGlobalSection
EndGlobal
